
Microsoft Visual Studio Solution File, Format Version 12.00
# Visual Studio Version 16
VisualStudioVersion = 16.0.29709.97
MinimumVisualStudioVersion = 10.0.40219.1
Project("{FAE04EC0-301F-11D3-BF4B-00C04F79EFBC}") = "OOP_WithExample", "OOP_WithExample\OOP_WithExample.csproj", "{82D2F5CA-8285-4A47-8B53-6A44E7A64423}"
EndProject
Global
	GlobalSection(SolutionConfigurationPlatforms) = preSolution
		Debug|Any CPU = Debug|Any CPU
		Release|Any CPU = Release|Any CPU
	EndGlobalSection
	GlobalSection(ProjectConfigurationPlatforms) = postSolution
		{82D2F5CA-8285-4A47-8B53-6A44E7A64423}.Debug|Any CPU.ActiveCfg = Debug|Any CPU
		{82D2F5CA-8285-4A47-8B53-6A44E7A64423}.Debug|Any CPU.Build.0 = Debug|Any CPU
		{82D2F5CA-8285-4A47-8B53-6A44E7A64423}.Release|Any CPU.ActiveCfg = Release|Any CPU
		{82D2F5CA-8285-4A47-8B53-6A44E7A64423}.Release|Any CPU.Build.0 = Release|Any CPU
	EndGlobalSection
	GlobalSection(SolutionProperties) = preSolution
		HideSolutionNode = FALSE
	EndGlobalSection
	GlobalSection(ExtensibilityGlobals) = postSolution
		SolutionGuid = {BA4A6C5B-4A54-41EC-ADB4-91C82A14BED2}
	EndGlobalSection
EndGlobal
